
Microsoft Visual Studio Solution File, Format Version 12.00
# Visual Studio Version 16
VisualStudioVersion = 16.0.31702.278
MinimumVisualStudioVersion = 10.0.40219.1
Project("{FAE04EC0-301F-11D3-BF4B-00C04F79EFBC}") = "RegistrationForm", "RegistrationForm\RegistrationForm.csproj", "{B7DF5284-CD1D-4282-986C-1EE298438D27}"
EndProject
Global
	GlobalSection(SolutionConfigurationPlatforms) = preSolution
		Debug|Any CPU = Debug|Any CPU
		Release|Any CPU = Release|Any CPU
	EndGlobalSection
	GlobalSection(ProjectConfigurationPlatforms) = postSolution
		{B7DF5284-CD1D-4282-986C-1EE298438D27}.Debug|Any CPU.ActiveCfg = Debug|Any CPU
		{B7DF5284-CD1D-4282-986C-1EE298438D27}.Debug|Any CPU.Build.0 = Debug|Any CPU
		{B7DF5284-CD1D-4282-986C-1EE298438D27}.Release|Any CPU.ActiveCfg = Release|Any CPU
		{B7DF5284-CD1D-4282-986C-1EE298438D27}.Release|Any CPU.Build.0 = Release|Any CPU
	EndGlobalSection
	GlobalSection(SolutionProperties) = preSolution
		HideSolutionNode = FALSE
	EndGlobalSection
	GlobalSection(ExtensibilityGlobals) = postSolution
		SolutionGuid = {685C9A8D-C4F4-4527-A431-05B7BF4C5C47}
	EndGlobalSection
EndGlobal
